
Microsoft Visual Studio Solution File, Format Version 12.00
# Visual Studio Version 17
VisualStudioVersion = 17.11.35222.181
MinimumVisualStudioVersion = 10.0.40219.1
Project("{F184B08F-C81C-45F6-A57F-5ABD9991F28F}") = "SIWSIWIT", "SIWSIWIT.vbproj", "{25DB2902-EF24-4D60-AE52-B60C50FBCF26}"
EndProject
Global
	GlobalSection(SolutionConfigurationPlatforms) = preSolution
		Debug|Any CPU = Debug|Any CPU
		Release|Any CPU = Release|Any CPU
	EndGlobalSection
	GlobalSection(ProjectConfigurationPlatforms) = postSolution
		{25DB2902-EF24-4D60-AE52-B60C50FBCF26}.Debug|Any CPU.ActiveCfg = Debug|Any CPU
		{25DB2902-EF24-4D60-AE52-B60C50FBCF26}.Debug|Any CPU.Build.0 = Debug|Any CPU
		{25DB2902-EF24-4D60-AE52-B60C50FBCF26}.Release|Any CPU.ActiveCfg = Release|Any CPU
		{25DB2902-EF24-4D60-AE52-B60C50FBCF26}.Release|Any CPU.Build.0 = Release|Any CPU
	EndGlobalSection
	GlobalSection(SolutionProperties) = preSolution
		HideSolutionNode = FALSE
	EndGlobalSection
	GlobalSection(ExtensibilityGlobals) = postSolution
		SolutionGuid = {E9F4A49E-AF55-4658-9248-CEA47E5DBC09}
	EndGlobalSection
EndGlobal
